
Microsoft Visual Studio Solution File, Format Version 12.00
# Visual Studio Version 16
VisualStudioVersion = 16.0.29009.5
MinimumVisualStudioVersion = 10.0.40219.1
Project("{9A19103F-16F7-4668-BE54-9A1E7A4F7556}") = "FunctionApp_UpdateAuthor", "FunctionApp_UpdateAuthor\FunctionApp_UpdateAuthor.csproj", "{33154A2A-81AB-4277-B73B-64C60A02CBF4}"
EndProject
Global
	GlobalSection(SolutionConfigurationPlatforms) = preSolution
		Debug|Any CPU = Debug|Any CPU
		Release|Any CPU = Release|Any CPU
	EndGlobalSection
	GlobalSection(ProjectConfigurationPlatforms) = postSolution
		{33154A2A-81AB-4277-B73B-64C60A02CBF4}.Debug|Any CPU.ActiveCfg = Debug|Any CPU
		{33154A2A-81AB-4277-B73B-64C60A02CBF4}.Debug|Any CPU.Build.0 = Debug|Any CPU
		{33154A2A-81AB-4277-B73B-64C60A02CBF4}.Release|Any CPU.ActiveCfg = Release|Any CPU
		{33154A2A-81AB-4277-B73B-64C60A02CBF4}.Release|Any CPU.Build.0 = Release|Any CPU
	EndGlobalSection
	GlobalSection(SolutionProperties) = preSolution
		HideSolutionNode = FALSE
	EndGlobalSection
	GlobalSection(ExtensibilityGlobals) = postSolution
		SolutionGuid = {E6C1E74F-82DA-44A4-B9E4-122DCAD5460A}
	EndGlobalSection
EndGlobal
